// !$*UTF8*$!
{
	archiveVersion = 1;
	classes = {
	};
	objectVersion = 48;
	objects = {

/* Begin PBXBuildFile section */
		44026E36206287A500E60924 /* AppDelegate.swift in Sources */ = {isa = PBXBuildFile; fileRef = 44026E35206287A500E60924 /* AppDelegate.swift */; };
		44026E38206287A500E60924 /* RegistrationViewController.swift in Sources */ = {isa = PBXBuildFile; fileRef = 44026E37206287A500E60924 /* RegistrationViewController.swift */; };
		44026E3E206287A500E60924 /* a2fa.xcdatamodeld in Sources */ = {isa = PBXBuildFile; fileRef = 44026E3C206287A500E60924 /* a2fa.xcdatamodeld */; };
		44026E40206287A500E60924 /* Assets.xcassets in Resources */ = {isa = PBXBuildFile; fileRef = 44026E3F206287A500E60924 /* Assets.xcassets */; };
		44026E43206287A500E60924 /* LaunchScreen.storyboard in Resources */ = {isa = PBXBuildFile; fileRef = 44026E41206287A500E60924 /* LaunchScreen.storyboard */; };
		44026E4E206287A600E60924 /* a2faTests.swift in Sources */ = {isa = PBXBuildFile; fileRef = 44026E4D206287A600E60924 /* a2faTests.swift */; };
		44026E59206287A600E60924 /* a2faUITests.swift in Sources */ = {isa = PBXBuildFile; fileRef = 44026E58206287A600E60924 /* a2faUITests.swift */; };
		444BFD2C2062EC0900A428B1 /* HomeViewController.swift in Sources */ = {isa = PBXBuildFile; fileRef = 444BFD252062EC0600A428B1 /* HomeViewController.swift */; };
		444BFD2D2062EC0900A428B1 /* Main.storyboard in Resources */ = {isa = PBXBuildFile; fileRef = 444BFD262062EC0700A428B1 /* Main.storyboard */; };
		444BFD2F2062EC0900A428B1 /* PasswordLoginViewController.swift in Sources */ = {isa = PBXBuildFile; fileRef = 444BFD282062EC0800A428B1 /* PasswordLoginViewController.swift */; };
		444BFD302062EC0900A428B1 /* Localizable.strings in Resources */ = {isa = PBXBuildFile; fileRef = 444BFD292062EC0800A428B1 /* Localizable.strings */; };
		444BFD322062EC0900A428B1 /* extension.swift in Sources */ = {isa = PBXBuildFile; fileRef = 444BFD2B2062EC0900A428B1 /* extension.swift */; };
		4473BD262080E6B70094A85D /* GoogleService-Info.plist in Resources */ = {isa = PBXBuildFile; fileRef = 4473BD252080E6B60094A85D /* GoogleService-Info.plist */; };
		44EB775720810DD30002030E /* Crypto.swift in Sources */ = {isa = PBXBuildFile; fileRef = 44EB775620810DD30002030E /* Crypto.swift */; };
		63DF824768E8EBB94DF5DE43 /* Pods_a2fa.framework in Frameworks */ = {isa = PBXBuildFile; fileRef = E39C54FBA6BC30D844DCD0D4 /* Pods_a2fa.framework */; settings = {ATTRIBUTES = (Required, ); }; };
/* End PBXBuildFile section */

/* Begin PBXContainerItemProxy section */
		44026E4A206287A600E60924 /* PBXContainerItemProxy */ = {
			isa = PBXContainerItemProxy;
			containerPortal = 44026E2A206287A500E60924 /* Project object */;
			proxyType = 1;
			remoteGlobalIDString = 44026E31206287A500E60924;
			remoteInfo = a2fa;
		};
		44026E55206287A600E60924 /* PBXContainerItemProxy */ = {
			isa = PBXContainerItemProxy;
			containerPortal = 44026E2A206287A500E60924 /* Project object */;
			proxyType = 1;
			remoteGlobalIDString = 44026E31206287A500E60924;
			remoteInfo = a2fa;
		};
/* End PBXContainerItemProxy section */

/* Begin PBXFileReference section */
		44026E32206287A500E60924 /* a2fa.app */ = {isa = PBXFileReference; explicitFileType = wrapper.application; includeInIndex = 0; path = a2fa.app; sourceTree = BUILT_PRODUCTS_DIR; };
		44026E35206287A500E60924 /* AppDelegate.swift */ = {isa = PBXFileReference; lastKnownFileType = sourcecode.swift; path = AppDelegate.swift; sourceTree = "<group>"; };
		44026E37206287A500E60924 /* RegistrationViewController.swift */ = {isa = PBXFileReference; lastKnownFileType = sourcecode.swift; path = RegistrationViewController.swift; sourceTree = "<group>"; };
		44026E3D206287A500E60924 /* a2fa.xcdatamodel */ = {isa = PBXFileReference; lastKnownFileType = wrapper.xcdatamodel; path = a2fa.xcdatamodel; sourceTree = "<group>"; };
		44026E3F206287A500E60924 /* Assets.xcassets */ = {isa = PBXFileReference; lastKnownFileType = folder.assetcatalog; path = Assets.xcassets; sourceTree = "<group>"; };
		44026E42206287A500E60924 /* Base */ = {isa = PBXFileReference; lastKnownFileType = file.storyboard; name = Base; path = Base.lproj/LaunchScreen.storyboard; sourceTree = "<group>"; };
		44026E44206287A500E60924 /* Info.plist */ = {isa = PBXFileReference; lastKnownFileType = text.plist.xml; path = Info.plist; sourceTree = "<group>"; };
		44026E49206287A600E60924 /* a2faTests.xctest */ = {isa = PBXFileReference; explicitFileType = wrapper.cfbundle; includeInIndex = 0; path = a2faTests.xctest; sourceTree = BUILT_PRODUCTS_DIR; };
		44026E4D206287A600E60924 /* a2faTests.swift */ = {isa = PBXFileReference; lastKnownFileType = sourcecode.swift; path = a2faTests.swift; sourceTree = "<group>"; };
		44026E4F206287A600E60924 /* Info.plist */ = {isa = PBXFileReference; lastKnownFileType = text.plist.xml; path = Info.plist; sourceTree = "<group>"; };
		44026E54206287A600E60924 /* a2faUITests.xctest */ = {isa = PBXFileReference; explicitFileType = wrapper.cfbundle; includeInIndex = 0; path = a2faUITests.xctest; sourceTree = BUILT_PRODUCTS_DIR; };
		44026E58206287A600E60924 /* a2faUITests.swift */ = {isa = PBXFileReference; lastKnownFileType = sourcecode.swift; path = a2faUITests.swift; sourceTree = "<group>"; };
		44026E5A206287A600E60924 /* Info.plist */ = {isa = PBXFileReference; lastKnownFileType = text.plist.xml; path = Info.plist; sourceTree = "<group>"; };
		444BFD252062EC0600A428B1 /* HomeViewController.swift */ = {isa = PBXFileReference; fileEncoding = 4; lastKnownFileType = sourcecode.swift; path = HomeViewController.swift; sourceTree = "<group>"; };
		444BFD262062EC0700A428B1 /* Main.storyboard */ = {isa = PBXFileReference; fileEncoding = 4; lastKnownFileType = file.storyboard; path = Main.storyboard; sourceTree = "<group>"; };
		444BFD282062EC0800A428B1 /* PasswordLoginViewController.swift */ = {isa = PBXFileReference; fileEncoding = 4; lastKnownFileType = sourcecode.swift; path = PasswordLoginViewController.swift; sourceTree = "<group>"; };
		444BFD292062EC0800A428B1 /* Localizable.strings */ = {isa = PBXFileReference; fileEncoding = 4; lastKnownFileType = text.plist.strings; path = Localizable.strings; sourceTree = "<group>"; };
		444BFD2B2062EC0900A428B1 /* extension.swift */ = {isa = PBXFileReference; fileEncoding = 4; lastKnownFileType = sourcecode.swift; path = extension.swift; sourceTree = "<group>"; };
		4473BD252080E6B60094A85D /* GoogleService-Info.plist */ = {isa = PBXFileReference; fileEncoding = 4; lastKnownFileType = text.plist.xml; path = "GoogleService-Info.plist"; sourceTree = "<group>"; };
		4473BD272080E7DE0094A85D /* a2fa.entitlements */ = {isa = PBXFileReference; lastKnownFileType = text.plist.entitlements; path = a2fa.entitlements; sourceTree = "<group>"; };
		44EB775620810DD30002030E /* Crypto.swift */ = {isa = PBXFileReference; lastKnownFileType = sourcecode.swift; path = Crypto.swift; sourceTree = "<group>"; };
		6E36C7D34030AF37F1FE88CF /* Pods-a2fa.release.xcconfig */ = {isa = PBXFileReference; includeInIndex = 1; lastKnownFileType = text.xcconfig; name = "Pods-a2fa.release.xcconfig"; path = "Pods/Target Support Files/Pods-a2fa/Pods-a2fa.release.xcconfig"; sourceTree = "<group>"; };
		857CF905DFCE6B23340363A5 /* Pods-a2fa.debug.xcconfig */ = {isa = PBXFileReference; includeInIndex = 1; lastKnownFileType = text.xcconfig; name = "Pods-a2fa.debug.xcconfig"; path = "Pods/Target Support Files/Pods-a2fa/Pods-a2fa.debug.xcconfig"; sourceTree = "<group>"; };
		E39C54FBA6BC30D844DCD0D4 /* Pods_a2fa.framework */ = {isa = PBXFileReference; explicitFileType = wrapper.framework; includeInIndex = 0; path = Pods_a2fa.framework; sourceTree = BUILT_PRODUCTS_DIR; };
/* End PBXFileReference section */

/* Begin PBXFrameworksBuildPhase section */
		44026E2F206287A500E60924 /* Frameworks */ = {
			isa = PBXFrameworksBuildPhase;
			buildActionMask = 2147483647;
			files = (
				63DF824768E8EBB94DF5DE43 /* Pods_a2fa.framework in Frameworks */,
			);
			runOnlyForDeploymentPostprocessing = 0;
		};
		44026E46206287A600E60924 /* Frameworks */ = {
			isa = PBXFrameworksBuildPhase;
			buildActionMask = 2147483647;
			files = (
			);
			runOnlyForDeploymentPostprocessing = 0;
		};
		44026E51206287A600E60924 /* Frameworks */ = {
			isa = PBXFrameworksBuildPhase;
			buildActionMask = 2147483647;
			files = (
			);
			runOnlyForDeploymentPostprocessing = 0;
		};
/* End PBXFrameworksBuildPhase section */

/* Begin PBXGroup section */
		44026E29206287A400E60924 = {
			isa = PBXGroup;
			children = (
				44026E34206287A500E60924 /* a2fa */,
				44026E4C206287A600E60924 /* a2faTests */,
				44026E57206287A600E60924 /* a2faUITests */,
				44026E33206287A500E60924 /* Products */,
				B64C7508D93FD160525CB738 /* Pods */,
				635EDCF21B4F2730A8D163DB /* Frameworks */,
			);
			sourceTree = "<group>";
		};
		44026E33206287A500E60924 /* Products */ = {
			isa = PBXGroup;
			children = (
				44026E32206287A500E60924 /* a2fa.app */,
				44026E49206287A600E60924 /* a2faTests.xctest */,
				44026E54206287A600E60924 /* a2faUITests.xctest */,
			);
			name = Products;
			sourceTree = "<group>";
		};
		44026E34206287A500E60924 /* a2fa */ = {
			isa = PBXGroup;
			children = (
				4473BD272080E7DE0094A85D /* a2fa.entitlements */,
				4473BD252080E6B60094A85D /* GoogleService-Info.plist */,
				444BFD2B2062EC0900A428B1 /* extension.swift */,
				444BFD252062EC0600A428B1 /* HomeViewController.swift */,
				444BFD292062EC0800A428B1 /* Localizable.strings */,
				444BFD262062EC0700A428B1 /* Main.storyboard */,
				444BFD282062EC0800A428B1 /* PasswordLoginViewController.swift */,
				44026E35206287A500E60924 /* AppDelegate.swift */,
				44026E37206287A500E60924 /* RegistrationViewController.swift */,
				44026E3F206287A500E60924 /* Assets.xcassets */,
				44026E41206287A500E60924 /* LaunchScreen.storyboard */,
				44026E44206287A500E60924 /* Info.plist */,
				44026E3C206287A500E60924 /* a2fa.xcdatamodeld */,
				44EB775620810DD30002030E /* Crypto.swift */,
			);
			path = a2fa;
			sourceTree = "<group>";
		};
		44026E4C206287A600E60924 /* a2faTests */ = {
			isa = PBXGroup;
			children = (
				44026E4D206287A600E60924 /* a2faTests.swift */,
				44026E4F206287A600E60924 /* Info.plist */,
			);
			path = a2faTests;
			sourceTree = "<group>";
		};
		44026E57206287A600E60924 /* a2faUITests */ = {
			isa = PBXGroup;
			children = (
				44026E58206287A600E60924 /* a2faUITests.swift */,
				44026E5A206287A600E60924 /* Info.plist */,
			);
			path = a2faUITests;
			sourceTree = "<group>";
		};
		635EDCF21B4F2730A8D163DB /* Frameworks */ = {
			isa = PBXGroup;
			children = (
				E39C54FBA6BC30D844DCD0D4 /* Pods_a2fa.framework */,
			);
			name = Frameworks;
			sourceTree = "<group>";
		};
		B64C7508D93FD160525CB738 /* Pods */ = {
			isa = PBXGroup;
			children = (
				857CF905DFCE6B23340363A5 /* Pods-a2fa.debug.xcconfig */,
				6E36C7D34030AF37F1FE88CF /* Pods-a2fa.release.xcconfig */,
			);
			name = Pods;
			sourceTree = "<group>";
		};
/* End PBXGroup section */

/* Begin PBXNativeTarget section */
		44026E31206287A500E60924 /* a2fa */ = {
			isa = PBXNativeTarget;
			buildConfigurationList = 44026E5D206287A600E60924 /* Build configuration list for PBXNativeTarget "a2fa" */;
			buildPhases = (
				E56F954EEF6EAA977E98FB05 /* [CP] Check Pods Manifest.lock */,
				44026E2E206287A500E60924 /* Sources */,
				44026E2F206287A500E60924 /* Frameworks */,
				44026E30206287A500E60924 /* Resources */,
				CE896D65E830B5405E59AF7C /* [CP] Embed Pods Frameworks */,
				FFC10A02F5AE70FF95AC5347 /* [CP] Copy Pods Resources */,
			);
			buildRules = (
			);
			dependencies = (
			);
			name = a2fa;
			productName = a2fa;
			productReference = 44026E32206287A500E60924 /* a2fa.app */;
			productType = "com.apple.product-type.application";
		};
		44026E48206287A600E60924 /* a2faTests */ = {
			isa = PBXNativeTarget;
			buildConfigurationList = 44026E60206287A600E60924 /* Build configuration list for PBXNativeTarget "a2faTests" */;
			buildPhases = (
				44026E45206287A600E60924 /* Sources */,
				44026E46206287A600E60924 /* Frameworks */,
				44026E47206287A600E60924 /* Resources */,
			);
			buildRules = (
			);
			dependencies = (
				44026E4B206287A600E60924 /* PBXTargetDependency */,
			);
			name = a2faTests;
			productName = a2faTests;
			productReference = 44026E49206287A600E60924 /* a2faTests.xctest */;
			productType = "com.apple.product-type.bundle.unit-test";
		};
		44026E53206287A600E60924 /* a2faUITests */ = {
			isa = PBXNativeTarget;
			buildConfigurationList = 44026E63206287A600E60924 /* Build configuration list for PBXNativeTarget "a2faUITests" */;
			buildPhases = (
				44026E50206287A600E60924 /* Sources */,
				44026E51206287A600E60924 /* Frameworks */,
				44026E52206287A600E60924 /* Resources */,
			);
			buildRules = (
			);
			dependencies = (
				44026E56206287A600E60924 /* PBXTargetDependency */,
			);
			name = a2faUITests;
			productName = a2faUITests;
			productReference = 44026E54206287A600E60924 /* a2faUITests.xctest */;
			productType = "com.apple.product-type.bundle.ui-testing";
		};
/* End PBXNativeTarget section */

/* Begin PBXProject section */
		44026E2A206287A500E60924 /* Project object */ = {
			isa = PBXProject;
			attributes = {
				LastSwiftUpdateCheck = 0920;
				LastUpgradeCheck = 0920;
				ORGANIZATIONNAME = Allatrack;
				TargetAttributes = {
					44026E31206287A500E60924 = {
						CreatedOnToolsVersion = 9.2;
						ProvisioningStyle = Automatic;
						SystemCapabilities = {
							com.apple.Push = {
								enabled = 1;
							};
						};
					};
					44026E48206287A600E60924 = {
						CreatedOnToolsVersion = 9.2;
						ProvisioningStyle = Automatic;
						TestTargetID = 44026E31206287A500E60924;
					};
					44026E53206287A600E60924 = {
						CreatedOnToolsVersion = 9.2;
						ProvisioningStyle = Automatic;
						TestTargetID = 44026E31206287A500E60924;
					};
				};
			};
			buildConfigurationList = 44026E2D206287A500E60924 /* Build configuration list for PBXProject "a2fa" */;
			compatibilityVersion = "Xcode 8.0";
			developmentRegion = en;
			hasScannedForEncodings = 0;
			knownRegions = (
				en,
				Base,
			);
			mainGroup = 44026E29206287A400E60924;
			productRefGroup = 44026E33206287A500E60924 /* Products */;
			projectDirPath = "";
			projectRoot = "";
			targets = (
				44026E31206287A500E60924 /* a2fa */,
				44026E48206287A600E60924 /* a2faTests */,
				44026E53206287A600E60924 /* a2faUITests */,
			);
		};
/* End PBXProject section */

/* Begin PBXResourcesBuildPhase section */
		44026E30206287A500E60924 /* Resources */ = {
			isa = PBXResourcesBuildPhase;
			buildActionMask = 2147483647;
			files = (
				444BFD302062EC0900A428B1 /* Localizable.strings in Resources */,
				44026E43206287A500E60924 /* LaunchScreen.storyboard in Resources */,
				4473BD262080E6B70094A85D /* GoogleService-Info.plist in Resources */,
				44026E40206287A500E60924 /* Assets.xcassets in Resources */,
				444BFD2D2062EC0900A428B1 /* Main.storyboard in Resources */,
			);
			runOnlyForDeploymentPostprocessing = 0;
		};
		44026E47206287A600E60924 /* Resources */ = {
			isa = PBXResourcesBuildPhase;
			buildActionMask = 2147483647;
			files = (
			);
			runOnlyForDeploymentPostprocessing = 0;
		};
		44026E52206287A600E60924 /* Resources */ = {
			isa = PBXResourcesBuildPhase;
			buildActionMask = 2147483647;
			files = (
			);
			runOnlyForDeploymentPostprocessing = 0;
		};
/* End PBXResourcesBuildPhase section */

/* Begin PBXShellScriptBuildPhase section */
		CE896D65E830B5405E59AF7C /* [CP] Embed Pods Frameworks */ = {
			isa = PBXShellScriptBuildPhase;
			buildActionMask = 2147483647;
			files = (
			);
			inputPaths = (
				"${SRCROOT}/Pods/Target Support Files/Pods-a2fa/Pods-a2fa-frameworks.sh",
				"${BUILT_PRODUCTS_DIR}/GoogleToolboxForMac/GoogleToolboxForMac.framework",
				"${BUILT_PRODUCTS_DIR}/KeychainSwift/KeychainSwift.framework",
				"${BUILT_PRODUCTS_DIR}/Protobuf/Protobuf.framework",
				"${BUILT_PRODUCTS_DIR}/SmileLock/SmileLock.framework",
				"${BUILT_PRODUCTS_DIR}/nanopb/nanopb.framework",
			);
			name = "[CP] Embed Pods Frameworks";
			outputPaths = (
				"${TARGET_BUILD_DIR}/${FRAMEWORKS_FOLDER_PATH}/GoogleToolboxForMac.framework",
				"${TARGET_BUILD_DIR}/${FRAMEWORKS_FOLDER_PATH}/KeychainSwift.framework",
				"${TARGET_BUILD_DIR}/${FRAMEWORKS_FOLDER_PATH}/Protobuf.framework",
				"${TARGET_BUILD_DIR}/${FRAMEWORKS_FOLDER_PATH}/SmileLock.framework",
				"${TARGET_BUILD_DIR}/${FRAMEWORKS_FOLDER_PATH}/nanopb.framework",
			);
			runOnlyForDeploymentPostprocessing = 0;
			shellPath = /bin/sh;
			shellScript = "\"${SRCROOT}/Pods/Target Support Files/Pods-a2fa/Pods-a2fa-frameworks.sh\"\n";
			showEnvVarsInLog = 0;
		};
		E56F954EEF6EAA977E98FB05 /* [CP] Check Pods Manifest.lock */ = {
			isa = PBXShellScriptBuildPhase;
			buildActionMask = 2147483647;
			files = (
			);
			inputPaths = (
				"${PODS_PODFILE_DIR_PATH}/Podfile.lock",
				"${PODS_ROOT}/Manifest.lock",
			);
			name = "[CP] Check Pods Manifest.lock";
			outputPaths = (
				"$(DERIVED_FILE_DIR)/Pods-a2fa-checkManifestLockResult.txt",
			);
			runOnlyForDeploymentPostprocessing = 0;
			shellPath = /bin/sh;
			shellScript = "diff \"${PODS_PODFILE_DIR_PATH}/Podfile.lock\" \"${PODS_ROOT}/Manifest.lock\" > /dev/null\nif [ $? != 0 ] ; then\n    # print error to STDERR\n    echo \"error: The sandbox is not in sync with the Podfile.lock. Run 'pod install' or update your CocoaPods installation.\" >&2\n    exit 1\nfi\n# This output is used by Xcode 'outputs' to avoid re-running this script phase.\necho \"SUCCESS\" > \"${SCRIPT_OUTPUT_FILE_0}\"\n";
			showEnvVarsInLog = 0;
		};
		FFC10A02F5AE70FF95AC5347 /* [CP] Copy Pods Resources */ = {
			isa = PBXShellScriptBuildPhase;
			buildActionMask = 2147483647;
			files = (
			);
			inputPaths = (
			);
			name = "[CP] Copy Pods Resources";
			outputPaths = (
			);
			runOnlyForDeploymentPostprocessing = 0;
			shellPath = /bin/sh;
			shellScript = "\"${SRCROOT}/Pods/Target Support Files/Pods-a2fa/Pods-a2fa-resources.sh\"\n";
			showEnvVarsInLog = 0;
		};
/* End PBXShellScriptBuildPhase section */

/* Begin PBXSourcesBuildPhase section */
		44026E2E206287A500E60924 /* Sources */ = {
			isa = PBXSourcesBuildPhase;
			buildActionMask = 2147483647;
			files = (
				44026E3E206287A500E60924 /* a2fa.xcdatamodeld in Sources */,
				44026E38206287A500E60924 /* RegistrationViewController.swift in Sources */,
				44026E36206287A500E60924 /* AppDelegate.swift in Sources */,
				444BFD2F2062EC0900A428B1 /* PasswordLoginViewController.swift in Sources */,
				444BFD2C2062EC0900A428B1 /* HomeViewController.swift in Sources */,
				44EB775720810DD30002030E /* Crypto.swift in Sources */,
				444BFD322062EC0900A428B1 /* extension.swift in Sources */,
			);
			runOnlyForDeploymentPostprocessing = 0;
		};
		44026E45206287A600E60924 /* Sources */ = {
			isa = PBXSourcesBuildPhase;
			buildActionMask = 2147483647;
			files = (
				44026E4E206287A600E60924 /* a2faTests.swift in Sources */,
			);
			runOnlyForDeploymentPostprocessing = 0;
		};
		44026E50206287A600E60924 /* Sources */ = {
			isa = PBXSourcesBuildPhase;
			buildActionMask = 2147483647;
			files = (
				44026E59206287A600E60924 /* a2faUITests.swift in Sources */,
			);
			runOnlyForDeploymentPostprocessing = 0;
		};
/* End PBXSourcesBuildPhase section */

/* Begin PBXTargetDependency section */
		44026E4B206287A600E60924 /* PBXTargetDependency */ = {
			isa = PBXTargetDependency;
			target = 44026E31206287A500E60924 /* a2fa */;
			targetProxy = 44026E4A206287A600E60924 /* PBXContainerItemProxy */;
		};
		44026E56206287A600E60924 /* PBXTargetDependency */ = {
			isa = PBXTargetDependency;
			target = 44026E31206287A500E60924 /* a2fa */;
			targetProxy = 44026E55206287A600E60924 /* PBXContainerItemProxy */;
		};
/* End PBXTargetDependency section */

/* Begin PBXVariantGroup section */
		44026E41206287A500E60924 /* LaunchScreen.storyboard */ = {
			isa = PBXVariantGroup;
			children = (
				44026E42206287A500E60924 /* Base */,
			);
			name = LaunchScreen.storyboard;
			sourceTree = "<group>";
		};
/* End PBXVariantGroup section */

/* Begin XCBuildConfiguration section */
		44026E5B206287A600E60924 /* Debug */ = {
			isa = XCBuildConfiguration;
			buildSettings = {
				ALWAYS_SEARCH_USER_PATHS = NO;
				CLANG_ANALYZER_NONNULL = YES;
				CLANG_ANALYZER_NUMBER_OBJECT_CONVERSION = YES_AGGRESSIVE;
				CLANG_CXX_LANGUAGE_STANDARD = "gnu++14";
				CLANG_CXX_LIBRARY = "libc++";
				CLANG_ENABLE_MODULES = YES;
				CLANG_ENABLE_OBJC_ARC = YES;
				CLANG_WARN_BLOCK_CAPTURE_AUTORELEASING = YES;
				CLANG_WARN_BOOL_CONVERSION = YES;
				CLANG_WARN_COMMA = YES;
				CLANG_WARN_CONSTANT_CONVERSION = YES;
				CLANG_WARN_DIRECT_OBJC_ISA_USAGE = YES_ERROR;
				CLANG_WARN_DOCUMENTATION_COMMENTS = YES;
				CLANG_WARN_EMPTY_BODY = YES;
				CLANG_WARN_ENUM_CONVERSION = YES;
				CLANG_WARN_INFINITE_RECURSION = YES;
				CLANG_WARN_INT_CONVERSION = YES;
				CLANG_WARN_NON_LITERAL_NULL_CONVERSION = YES;
				CLANG_WARN_OBJC_LITERAL_CONVERSION = YES;
				CLANG_WARN_OBJC_ROOT_CLASS = YES_ERROR;
				CLANG_WARN_RANGE_LOOP_ANALYSIS = YES;
				CLANG_WARN_STRICT_PROTOTYPES = YES;
				CLANG_WARN_SUSPICIOUS_MOVE = YES;
				CLANG_WARN_UNGUARDED_AVAILABILITY = YES_AGGRESSIVE;
				CLANG_WARN_UNREACHABLE_CODE = YES;
				CLANG_WARN__DUPLICATE_METHOD_MATCH = YES;
				CODE_SIGN_IDENTITY = "iPhone Developer";
				COPY_PHASE_STRIP = NO;
				DEBUG_INFORMATION_FORMAT = dwarf;
				ENABLE_STRICT_OBJC_MSGSEND = YES;
				ENABLE_TESTABILITY = YES;
				GCC_C_LANGUAGE_STANDARD = gnu11;
				GCC_DYNAMIC_NO_PIC = NO;
				GCC_NO_COMMON_BLOCKS = YES;
				GCC_OPTIMIZATION_LEVEL = 0;
				GCC_PREPROCESSOR_DEFINITIONS = (
					"DEBUG=1",
					"$(inherited)",
				);
				GCC_WARN_64_TO_32_BIT_CONVERSION = YES;
				GCC_WARN_ABOUT_RETURN_TYPE = YES_ERROR;
				GCC_WARN_UNDECLARED_SELECTOR = YES;
				GCC_WARN_UNINITIALIZED_AUTOS = YES_AGGRESSIVE;
				GCC_WARN_UNUSED_FUNCTION = YES;
				GCC_WARN_UNUSED_VARIABLE = YES;
				IPHONEOS_DEPLOYMENT_TARGET = 11.2;
				MTL_ENABLE_DEBUG_INFO = YES;
				ONLY_ACTIVE_ARCH = YES;
				SDKROOT = iphoneos;
				SWIFT_ACTIVE_COMPILATION_CONDITIONS = DEBUG;
				SWIFT_OPTIMIZATION_LEVEL = "-Onone";
			};
			name = Debug;
		};
		44026E5C206287A600E60924 /* Release */ = {
			isa = XCBuildConfiguration;
			buildSettings = {
				ALWAYS_SEARCH_USER_PATHS = NO;
				CLANG_ANALYZER_NONNULL = YES;
				CLANG_ANALYZER_NUMBER_OBJECT_CONVERSION = YES_AGGRESSIVE;
				CLANG_CXX_LANGUAGE_STANDARD = "gnu++14";
				CLANG_CXX_LIBRARY = "libc++";
				CLANG_ENABLE_MODULES = YES;
				CLANG_ENABLE_OBJC_ARC = YES;
				CLANG_WARN_BLOCK_CAPTURE_AUTORELEASING = YES;
				CLANG_WARN_BOOL_CONVERSION = YES;
				CLANG_WARN_COMMA = YES;
				CLANG_WARN_CONSTANT_CONVERSION = YES;
				CLANG_WARN_DIRECT_OBJC_ISA_USAGE = YES_ERROR;
				CLANG_WARN_DOCUMENTATION_COMMENTS = YES;
				CLANG_WARN_EMPTY_BODY = YES;
				CLANG_WARN_ENUM_CONVERSION = YES;
				CLANG_WARN_INFINITE_RECURSION = YES;
				CLANG_WARN_INT_CONVERSION = YES;
				CLANG_WARN_NON_LITERAL_NULL_CONVERSION = YES;
				CLANG_WARN_OBJC_LITERAL_CONVERSION = YES;
				CLANG_WARN_OBJC_ROOT_CLASS = YES_ERROR;
				CLANG_WARN_RANGE_LOOP_ANALYSIS = YES;
				CLANG_WARN_STRICT_PROTOTYPES = YES;
				CLANG_WARN_SUSPICIOUS_MOVE = YES;
				CLANG_WARN_UNGUARDED_AVAILABILITY = YES_AGGRESSIVE;
				CLANG_WARN_UNREACHABLE_CODE = YES;
				CLANG_WARN__DUPLICATE_METHOD_MATCH = YES;
				CODE_SIGN_IDENTITY = "iPhone Developer";
				COPY_PHASE_STRIP = NO;
				DEBUG_INFORMATION_FORMAT = "dwarf-with-dsym";
				ENABLE_NS_ASSERTIONS = NO;
				ENABLE_STRICT_OBJC_MSGSEND = YES;
				GCC_C_LANGUAGE_STANDARD = gnu11;
				GCC_NO_COMMON_BLOCKS = YES;
				GCC_WARN_64_TO_32_BIT_CONVERSION = YES;
				GCC_WARN_ABOUT_RETURN_TYPE = YES_ERROR;
				GCC_WARN_UNDECLARED_SELECTOR = YES;
				GCC_WARN_UNINITIALIZED_AUTOS = YES_AGGRESSIVE;
				GCC_WARN_UNUSED_FUNCTION = YES;
				GCC_WARN_UNUSED_VARIABLE = YES;
				IPHONEOS_DEPLOYMENT_TARGET = 11.2;
				MTL_ENABLE_DEBUG_INFO = NO;
				SDKROOT = iphoneos;
				SWIFT_OPTIMIZATION_LEVEL = "-Owholemodule";
				VALIDATE_PRODUCT = YES;
			};
			name = Release;
		};
		44026E5E206287A600E60924 /* Debug */ = {
			isa = XCBuildConfiguration;
			baseConfigurationReference = 857CF905DFCE6B23340363A5 /* Pods-a2fa.debug.xcconfig */;
			buildSettings = {
				ASSETCATALOG_COMPILER_APPICON_NAME = AppIcon;
				CODE_SIGN_ENTITLEMENTS = a2fa/a2fa.entitlements;
				CODE_SIGN_STYLE = Automatic;
				DEVELOPMENT_TEAM = MJW86FK6F3;
				INFOPLIST_FILE = a2fa/Info.plist;
				LD_RUNPATH_SEARCH_PATHS = "$(inherited) @executable_path/Frameworks";
				PRODUCT_BUNDLE_IDENTIFIER = com.2fa.2fa;
				PRODUCT_NAME = "$(TARGET_NAME)";
				SWIFT_VERSION = 4.0;
				TARGETED_DEVICE_FAMILY = "1,2";
			};
			name = Debug;
		};
		44026E5F206287A600E60924 /* Release */ = {
			isa = XCBuildConfiguration;
			baseConfigurationReference = 6E36C7D34030AF37F1FE88CF /* Pods-a2fa.release.xcconfig */;
			buildSettings = {
				ASSETCATALOG_COMPILER_APPICON_NAME = AppIcon;
				CODE_SIGN_ENTITLEMENTS = a2fa/a2fa.entitlements;
				CODE_SIGN_STYLE = Automatic;
				DEVELOPMENT_TEAM = MJW86FK6F3;
				INFOPLIST_FILE = a2fa/Info.plist;
				LD_RUNPATH_SEARCH_PATHS = "$(inherited) @executable_path/Frameworks";
				PRODUCT_BUNDLE_IDENTIFIER = com.2fa.2fa;
				PRODUCT_NAME = "$(TARGET_NAME)";
				SWIFT_VERSION = 4.0;
				TARGETED_DEVICE_FAMILY = "1,2";
			};
			name = Release;
		};
		44026E61206287A600E60924 /* Debug */ = {
			isa = XCBuildConfiguration;
			buildSettings = {
				ALWAYS_EMBED_SWIFT_STANDARD_LIBRARIES = YES;
				BUNDLE_LOADER = "$(TEST_HOST)";
				CODE_SIGN_STYLE = Automatic;
				DEVELOPMENT_TEAM = J756MS7JUB;
				INFOPLIST_FILE = a2faTests/Info.plist;
				LD_RUNPATH_SEARCH_PATHS = "$(inherited) @executable_path/Frameworks @loader_path/Frameworks";
				PRODUCT_BUNDLE_IDENTIFIER = com.bc2fa.a2faTests;
				PRODUCT_NAME = "$(TARGET_NAME)";
				SWIFT_VERSION = 4.0;
				TARGETED_DEVICE_FAMILY = "1,2";
				TEST_HOST = "$(BUILT_PRODUCTS_DIR)/a2fa.app/a2fa";
			};
			name = Debug;
		};
		44026E62206287A600E60924 /* Release */ = {
			isa = XCBuildConfiguration;
			buildSettings = {
				ALWAYS_EMBED_SWIFT_STANDARD_LIBRARIES = YES;
				BUNDLE_LOADER = "$(TEST_HOST)";
				CODE_SIGN_STYLE = Automatic;
				DEVELOPMENT_TEAM = J756MS7JUB;
				INFOPLIST_FILE = a2faTests/Info.plist;
				LD_RUNPATH_SEARCH_PATHS = "$(inherited) @executable_path/Frameworks @loader_path/Frameworks";
				PRODUCT_BUNDLE_IDENTIFIER = com.bc2fa.a2faTests;
				PRODUCT_NAME = "$(TARGET_NAME)";
				SWIFT_VERSION = 4.0;
				TARGETED_DEVICE_FAMILY = "1,2";
				TEST_HOST = "$(BUILT_PRODUCTS_DIR)/a2fa.app/a2fa";
			};
			name = Release;
		};
		44026E64206287A600E60924 /* Debug */ = {
			isa = XCBuildConfiguration;
			buildSettings = {
				ALWAYS_EMBED_SWIFT_STANDARD_LIBRARIES = YES;
				CODE_SIGN_STYLE = Automatic;
				DEVELOPMENT_TEAM = J756MS7JUB;
				INFOPLIST_FILE = a2faUITests/Info.plist;
				LD_RUNPATH_SEARCH_PATHS = "$(inherited) @executable_path/Frameworks @loader_path/Frameworks";
				PRODUCT_BUNDLE_IDENTIFIER = com.bc2fa.a2faUITests;
				PRODUCT_NAME = "$(TARGET_NAME)";
				SWIFT_VERSION = 4.0;
				TARGETED_DEVICE_FAMILY = "1,2";
				TEST_TARGET_NAME = a2fa;
			};
			name = Debug;
		};
		44026E65206287A600E60924 /* Release */ = {
			isa = XCBuildConfiguration;
			buildSettings = {
				ALWAYS_EMBED_SWIFT_STANDARD_LIBRARIES = YES;
				CODE_SIGN_STYLE = Automatic;
				DEVELOPMENT_TEAM = J756MS7JUB;
				INFOPLIST_FILE = a2faUITests/Info.plist;
				LD_RUNPATH_SEARCH_PATHS = "$(inherited) @executable_path/Frameworks @loader_path/Frameworks";
				PRODUCT_BUNDLE_IDENTIFIER = com.bc2fa.a2faUITests;
				PRODUCT_NAME = "$(TARGET_NAME)";
				SWIFT_VERSION = 4.0;
				TARGETED_DEVICE_FAMILY = "1,2";
				TEST_TARGET_NAME = a2fa;
			};
			name = Release;
		};
/* End XCBuildConfiguration section */

/* Begin XCConfigurationList section */
		44026E2D206287A500E60924 /* Build configuration list for PBXProject "a2fa" */ = {
			isa = XCConfigurationList;
			buildConfigurations = (
				44026E5B206287A600E60924 /* Debug */,
				44026E5C206287A600E60924 /* Release */,
			);
			defaultConfigurationIsVisible = 0;
			defaultConfigurationName = Release;
		};
		44026E5D206287A600E60924 /* Build configuration list for PBXNativeTarget "a2fa" */ = {
			isa = XCConfigurationList;
			buildConfigurations = (
				44026E5E206287A600E60924 /* Debug */,
				44026E5F206287A600E60924 /* Release */,
			);
			defaultConfigurationIsVisible = 0;
			defaultConfigurationName = Release;
		};
		44026E60206287A600E60924 /* Build configuration list for PBXNativeTarget "a2faTests" */ = {
			isa = XCConfigurationList;
			buildConfigurations = (
				44026E61206287A600E60924 /* Debug */,
				44026E62206287A600E60924 /* Release */,
			);
			defaultConfigurationIsVisible = 0;
			defaultConfigurationName = Release;
		};
		44026E63206287A600E60924 /* Build configuration list for PBXNativeTarget "a2faUITests" */ = {
			isa = XCConfigurationList;
			buildConfigurations = (
				44026E64206287A600E60924 /* Debug */,
				44026E65206287A600E60924 /* Release */,
			);
			defaultConfigurationIsVisible = 0;
			defaultConfigurationName = Release;
		};
/* End XCConfigurationList section */

/* Begin XCVersionGroup section */
		44026E3C206287A500E60924 /* a2fa.xcdatamodeld */ = {
			isa = XCVersionGroup;
			children = (
				44026E3D206287A500E60924 /* a2fa.xcdatamodel */,
			);
			currentVersion = 44026E3D206287A500E60924 /* a2fa.xcdatamodel */;
			path = a2fa.xcdatamodeld;
			sourceTree = "<group>";
			versionGroupType = wrapper.xcdatamodel;
		};
/* End XCVersionGroup section */
	};
	rootObject = 44026E2A206287A500E60924 /* Project object */;
}
